// !$*UTF8*$!
{
	archiveVersion = 1;
	classes = {
	};
	objectVersion = 46;
	objects = {

/* Begin PBXBuildFile section */
		8881CE6218CC4F260049FE1A /* Foundation.framework in Frameworks */ = {isa = PBXBuildFile; fileRef = 8881CE6118CC4F260049FE1A /* Foundation.framework */; };
		8881CE6418CC4F260049FE1A /* CoreGraphics.framework in Frameworks */ = {isa = PBXBuildFile; fileRef = 8881CE6318CC4F260049FE1A /* CoreGraphics.framework */; };
		8881CE6618CC4F260049FE1A /* UIKit.framework in Frameworks */ = {isa = PBXBuildFile; fileRef = 8881CE6518CC4F260049FE1A /* UIKit.framework */; };
		8881CE6C18CC4F260049FE1A /* InfoPlist.strings in Resources */ = {isa = PBXBuildFile; fileRef = 8881CE6A18CC4F260049FE1A /* InfoPlist.strings */; };
		8881CE6E18CC4F260049FE1A /* main.m in Sources */ = {isa = PBXBuildFile; fileRef = 8881CE6D18CC4F260049FE1A /* main.m */; };
		8881CE7218CC4F260049FE1A /* AppDelegate.m in Sources */ = {isa = PBXBuildFile; fileRef = 8881CE7118CC4F260049FE1A /* AppDelegate.m */; };
		8881CE7518CC4F260049FE1A /* Main.storyboard in Resources */ = {isa = PBXBuildFile; fileRef = 8881CE7318CC4F260049FE1A /* Main.storyboard */; };
		8881CE7A18CC4F260049FE1A /* Images.xcassets in Resources */ = {isa = PBXBuildFile; fileRef = 8881CE7918CC4F260049FE1A /* Images.xcassets */; };
		8881CE8118CC4F260049FE1A /* XCTest.framework in Frameworks */ = {isa = PBXBuildFile; fileRef = 8881CE8018CC4F260049FE1A /* XCTest.framework */; };
		8881CE8218CC4F260049FE1A /* Foundation.framework in Frameworks */ = {isa = PBXBuildFile; fileRef = 8881CE6118CC4F260049FE1A /* Foundation.framework */; };
		8881CE8318CC4F260049FE1A /* UIKit.framework in Frameworks */ = {isa = PBXBuildFile; fileRef = 8881CE6518CC4F260049FE1A /* UIKit.framework */; };
		8881CE8B18CC4F260049FE1A /* InfoPlist.strings in Resources */ = {isa = PBXBuildFile; fileRef = 8881CE8918CC4F260049FE1A /* InfoPlist.strings */; };
		8881CE8D18CC4F260049FE1A /* questionTests.m in Sources */ = {isa = PBXBuildFile; fileRef = 8881CE8C18CC4F260049FE1A /* questionTests.m */; };
		8881CE9818CC50F10049FE1A /* QuestionListViewController.m in Sources */ = {isa = PBXBuildFile; fileRef = 8881CE9718CC50F10049FE1A /* QuestionListViewController.m */; };
		8881CE9B18CC9EA90049FE1A /* WebViewController.m in Sources */ = {isa = PBXBuildFile; fileRef = 8881CE9A18CC9EA90049FE1A /* WebViewController.m */; };
/* End PBXBuildFile section */

/* Begin PBXContainerItemProxy section */
		8881CE8418CC4F260049FE1A /* PBXContainerItemProxy */ = {
			isa = PBXContainerItemProxy;
			containerPortal = 8881CE5618CC4F260049FE1A /* Project object */;
			proxyType = 1;
			remoteGlobalIDString = 8881CE5D18CC4F260049FE1A;
			remoteInfo = question;
		};
/* End PBXContainerItemProxy section */

/* Begin PBXFileReference section */
		8881CE5E18CC4F260049FE1A /* question.app */ = {isa = PBXFileReference; explicitFileType = wrapper.application; includeInIndex = 0; path = question.app; sourceTree = BUILT_PRODUCTS_DIR; };
		8881CE6118CC4F260049FE1A /* Foundation.framework */ = {isa = PBXFileReference; lastKnownFileType = wrapper.framework; name = Foundation.framework; path = System/Library/Frameworks/Foundation.framework; sourceTree = SDKROOT; };
		8881CE6318CC4F260049FE1A /* CoreGraphics.framework */ = {isa = PBXFileReference; lastKnownFileType = wrapper.framework; name = CoreGraphics.framework; path = System/Library/Frameworks/CoreGraphics.framework; sourceTree = SDKROOT; };
		8881CE6518CC4F260049FE1A /* UIKit.framework */ = {isa = PBXFileReference; lastKnownFileType = wrapper.framework; name = UIKit.framework; path = System/Library/Frameworks/UIKit.framework; sourceTree = SDKROOT; };
		8881CE6918CC4F260049FE1A /* question-Info.plist */ = {isa = PBXFileReference; lastKnownFileType = text.plist.xml; path = "question-Info.plist"; sourceTree = "<group>"; };
		8881CE6B18CC4F260049FE1A /* en */ = {isa = PBXFileReference; lastKnownFileType = text.plist.strings; name = en; path = en.lproj/InfoPlist.strings; sourceTree = "<group>"; };
		8881CE6D18CC4F260049FE1A /* main.m */ = {isa = PBXFileReference; lastKnownFileType = sourcecode.c.objc; path = main.m; sourceTree = "<group>"; };
		8881CE6F18CC4F260049FE1A /* question-Prefix.pch */ = {isa = PBXFileReference; lastKnownFileType = sourcecode.c.h; path = "question-Prefix.pch"; sourceTree = "<group>"; };
		8881CE7018CC4F260049FE1A /* AppDelegate.h */ = {isa = PBXFileReference; lastKnownFileType = sourcecode.c.h; path = AppDelegate.h; sourceTree = "<group>"; };
		8881CE7118CC4F260049FE1A /* AppDelegate.m */ = {isa = PBXFileReference; lastKnownFileType = sourcecode.c.objc; path = AppDelegate.m; sourceTree = "<group>"; };
		8881CE7418CC4F260049FE1A /* Base */ = {isa = PBXFileReference; lastKnownFileType = file.storyboard; name = Base; path = Base.lproj/Main.storyboard; sourceTree = "<group>"; };
		8881CE7918CC4F260049FE1A /* Images.xcassets */ = {isa = PBXFileReference; lastKnownFileType = folder.assetcatalog; path = Images.xcassets; sourceTree = "<group>"; };
		8881CE7F18CC4F260049FE1A /* questionTests.xctest */ = {isa = PBXFileReference; explicitFileType = wrapper.cfbundle; includeInIndex = 0; path = questionTests.xctest; sourceTree = BUILT_PRODUCTS_DIR; };
		8881CE8018CC4F260049FE1A /* XCTest.framework */ = {isa = PBXFileReference; lastKnownFileType = wrapper.framework; name = XCTest.framework; path = Library/Frameworks/XCTest.framework; sourceTree = DEVELOPER_DIR; };
		8881CE8818CC4F260049FE1A /* questionTests-Info.plist */ = {isa = PBXFileReference; lastKnownFileType = text.plist.xml; path = "questionTests-Info.plist"; sourceTree = "<group>"; };
		8881CE8A18CC4F260049FE1A /* en */ = {isa = PBXFileReference; lastKnownFileType = text.plist.strings; name = en; path = en.lproj/InfoPlist.strings; sourceTree = "<group>"; };
		8881CE8C18CC4F260049FE1A /* questionTests.m */ = {isa = PBXFileReference; lastKnownFileType = sourcecode.c.objc; path = questionTests.m; sourceTree = "<group>"; };
		8881CE9618CC50F10049FE1A /* QuestionListViewController.h */ = {isa = PBXFileReference; fileEncoding = 4; lastKnownFileType = sourcecode.c.h; path = QuestionListViewController.h; sourceTree = "<group>"; };
		8881CE9718CC50F10049FE1A /* QuestionListViewController.m */ = {isa = PBXFileReference; fileEncoding = 4; lastKnownFileType = sourcecode.c.objc; path = QuestionListViewController.m; sourceTree = "<group>"; };
		8881CE9918CC9EA90049FE1A /* WebViewController.h */ = {isa = PBXFileReference; fileEncoding = 4; lastKnownFileType = sourcecode.c.h; path = WebViewController.h; sourceTree = "<group>"; };
		8881CE9A18CC9EA90049FE1A /* WebViewController.m */ = {isa = PBXFileReference; fileEncoding = 4; lastKnownFileType = sourcecode.c.objc; path = WebViewController.m; sourceTree = "<group>"; };
/* End PBXFileReference section */

/* Begin PBXFrameworksBuildPhase section */
		8881CE5B18CC4F260049FE1A /* Frameworks */ = {
			isa = PBXFrameworksBuildPhase;
			buildActionMask = 2147483647;
			files = (
				8881CE6418CC4F260049FE1A /* CoreGraphics.framework in Frameworks */,
				8881CE6618CC4F260049FE1A /* UIKit.framework in Frameworks */,
				8881CE6218CC4F260049FE1A /* Foundation.framework in Frameworks */,
			);
			runOnlyForDeploymentPostprocessing = 0;
		};
		8881CE7C18CC4F260049FE1A /* Frameworks */ = {
			isa = PBXFrameworksBuildPhase;
			buildActionMask = 2147483647;
			files = (
				8881CE8118CC4F260049FE1A /* XCTest.framework in Frameworks */,
				8881CE8318CC4F260049FE1A /* UIKit.framework in Frameworks */,
				8881CE8218CC4F260049FE1A /* Foundation.framework in Frameworks */,
			);
			runOnlyForDeploymentPostprocessing = 0;
		};
/* End PBXFrameworksBuildPhase section */

/* Begin PBXGroup section */
		8881CE5518CC4F260049FE1A = {
			isa = PBXGroup;
			children = (
				8881CE6718CC4F260049FE1A /* question */,
				8881CE8618CC4F260049FE1A /* questionTests */,
				8881CE6018CC4F260049FE1A /* Frameworks */,
				8881CE5F18CC4F260049FE1A /* Products */,
			);
			sourceTree = "<group>";
		};
		8881CE5F18CC4F260049FE1A /* Products */ = {
			isa = PBXGroup;
			children = (
				8881CE5E18CC4F260049FE1A /* question.app */,
				8881CE7F18CC4F260049FE1A /* questionTests.xctest */,
			);
			name = Products;
			sourceTree = "<group>";
		};
		8881CE6018CC4F260049FE1A /* Frameworks */ = {
			isa = PBXGroup;
			children = (
				8881CE6118CC4F260049FE1A /* Foundation.framework */,
				8881CE6318CC4F260049FE1A /* CoreGraphics.framework */,
				8881CE6518CC4F260049FE1A /* UIKit.framework */,
				8881CE8018CC4F260049FE1A /* XCTest.framework */,
			);
			name = Frameworks;
			sourceTree = "<group>";
		};
		8881CE6718CC4F260049FE1A /* question */ = {
			isa = PBXGroup;
			children = (
				8881CE7018CC4F260049FE1A /* AppDelegate.h */,
				8881CE7118CC4F260049FE1A /* AppDelegate.m */,
				8881CE7318CC4F260049FE1A /* Main.storyboard */,
				8881CE9918CC9EA90049FE1A /* WebViewController.h */,
				8881CE9A18CC9EA90049FE1A /* WebViewController.m */,
				8881CE9618CC50F10049FE1A /* QuestionListViewController.h */,
				8881CE9718CC50F10049FE1A /* QuestionListViewController.m */,
				8881CE7918CC4F260049FE1A /* Images.xcassets */,
				8881CE6818CC4F260049FE1A /* Supporting Files */,
			);
			path = question;
			sourceTree = "<group>";
		};
		8881CE6818CC4F260049FE1A /* Supporting Files */ = {
			isa = PBXGroup;
			children = (
				8881CE6918CC4F260049FE1A /* question-Info.plist */,
				8881CE6A18CC4F260049FE1A /* InfoPlist.strings */,
				8881CE6D18CC4F260049FE1A /* main.m */,
				8881CE6F18CC4F260049FE1A /* question-Prefix.pch */,
			);
			name = "Supporting Files";
			sourceTree = "<group>";
		};
		8881CE8618CC4F260049FE1A /* questionTests */ = {
			isa = PBXGroup;
			children = (
				8881CE8C18CC4F260049FE1A /* questionTests.m */,
				8881CE8718CC4F260049FE1A /* Supporting Files */,
			);
			path = questionTests;
			sourceTree = "<group>";
		};
		8881CE8718CC4F260049FE1A /* Supporting Files */ = {
			isa = PBXGroup;
			children = (
				8881CE8818CC4F260049FE1A /* questionTests-Info.plist */,
				8881CE8918CC4F260049FE1A /* InfoPlist.strings */,
			);
			name = "Supporting Files";
			sourceTree = "<group>";
		};
/* End PBXGroup section */

/* Begin PBXNativeTarget section */
		8881CE5D18CC4F260049FE1A /* question */ = {
			isa = PBXNativeTarget;
			buildConfigurationList = 8881CE9018CC4F260049FE1A /* Build configuration list for PBXNativeTarget "question" */;
			buildPhases = (
				8881CE5A18CC4F260049FE1A /* Sources */,
				8881CE5B18CC4F260049FE1A /* Frameworks */,
				8881CE5C18CC4F260049FE1A /* Resources */,
			);
			buildRules = (
			);
			dependencies = (
			);
			name = question;
			productName = question;
			productReference = 8881CE5E18CC4F260049FE1A /* question.app */;
			productType = "com.apple.product-type.application";
		};
		8881CE7E18CC4F260049FE1A /* questionTests */ = {
			isa = PBXNativeTarget;
			buildConfigurationList = 8881CE9318CC4F260049FE1A /* Build configuration list for PBXNativeTarget "questionTests" */;
			buildPhases = (
				8881CE7B18CC4F260049FE1A /* Sources */,
				8881CE7C18CC4F260049FE1A /* Frameworks */,
				8881CE7D18CC4F260049FE1A /* Resources */,
			);
			buildRules = (
			);
			dependencies = (
				8881CE8518CC4F260049FE1A /* PBXTargetDependency */,
			);
			name = questionTests;
			productName = questionTests;
			productReference = 8881CE7F18CC4F260049FE1A /* questionTests.xctest */;
			productType = "com.apple.product-type.bundle.unit-test";
		};
/* End PBXNativeTarget section */

/* Begin PBXProject section */
		8881CE5618CC4F260049FE1A /* Project object */ = {
			isa = PBXProject;
			attributes = {
				LastUpgradeCheck = 0500;
				ORGANIZATIONNAME = "PLASTICA ROMANTICA";
				TargetAttributes = {
					8881CE7E18CC4F260049FE1A = {
						TestTargetID = 8881CE5D18CC4F260049FE1A;
					};
				};
			};
			buildConfigurationList = 8881CE5918CC4F260049FE1A /* Build configuration list for PBXProject "question" */;
			compatibilityVersion = "Xcode 3.2";
			developmentRegion = English;
			hasScannedForEncodings = 0;
			knownRegions = (
				en,
				Base,
			);
			mainGroup = 8881CE5518CC4F260049FE1A;
			productRefGroup = 8881CE5F18CC4F260049FE1A /* Products */;
			projectDirPath = "";
			projectRoot = "";
			targets = (
				8881CE5D18CC4F260049FE1A /* question */,
				8881CE7E18CC4F260049FE1A /* questionTests */,
			);
		};
/* End PBXProject section */

/* Begin PBXResourcesBuildPhase section */
		8881CE5C18CC4F260049FE1A /* Resources */ = {
			isa = PBXResourcesBuildPhase;
			buildActionMask = 2147483647;
			files = (
				8881CE7A18CC4F260049FE1A /* Images.xcassets in Resources */,
				8881CE6C18CC4F260049FE1A /* InfoPlist.strings in Resources */,
				8881CE7518CC4F260049FE1A /* Main.storyboard in Resources */,
			);
			runOnlyForDeploymentPostprocessing = 0;
		};
		8881CE7D18CC4F260049FE1A /* Resources */ = {
			isa = PBXResourcesBuildPhase;
			buildActionMask = 2147483647;
			files = (
				8881CE8B18CC4F260049FE1A /* InfoPlist.strings in Resources */,
			);
			runOnlyForDeploymentPostprocessing = 0;
		};
/* End PBXResourcesBuildPhase section */

/* Begin PBXSourcesBuildPhase section */
		8881CE5A18CC4F260049FE1A /* Sources */ = {
			isa = PBXSourcesBuildPhase;
			buildActionMask = 2147483647;
			files = (
				8881CE7218CC4F260049FE1A /* AppDelegate.m in Sources */,
				8881CE9818CC50F10049FE1A /* QuestionListViewController.m in Sources */,
				8881CE6E18CC4F260049FE1A /* main.m in Sources */,
				8881CE9B18CC9EA90049FE1A /* WebViewController.m in Sources */,
			);
			runOnlyForDeploymentPostprocessing = 0;
		};
		8881CE7B18CC4F260049FE1A /* Sources */ = {
			isa = PBXSourcesBuildPhase;
			buildActionMask = 2147483647;
			files = (
				8881CE8D18CC4F260049FE1A /* questionTests.m in Sources */,
			);
			runOnlyForDeploymentPostprocessing = 0;
		};
/* End PBXSourcesBuildPhase section */

/* Begin PBXTargetDependency section */
		8881CE8518CC4F260049FE1A /* PBXTargetDependency */ = {
			isa = PBXTargetDependency;
			target = 8881CE5D18CC4F260049FE1A /* question */;
			targetProxy = 8881CE8418CC4F260049FE1A /* PBXContainerItemProxy */;
		};
/* End PBXTargetDependency section */

/* Begin PBXVariantGroup section */
		8881CE6A18CC4F260049FE1A /* InfoPlist.strings */ = {
			isa = PBXVariantGroup;
			children = (
				8881CE6B18CC4F260049FE1A /* en */,
			);
			name = InfoPlist.strings;
			sourceTree = "<group>";
		};
		8881CE7318CC4F260049FE1A /* Main.storyboard */ = {
			isa = PBXVariantGroup;
			children = (
				8881CE7418CC4F260049FE1A /* Base */,
			);
			name = Main.storyboard;
			sourceTree = "<group>";
		};
		8881CE8918CC4F260049FE1A /* InfoPlist.strings */ = {
			isa = PBXVariantGroup;
			children = (
				8881CE8A18CC4F260049FE1A /* en */,
			);
			name = InfoPlist.strings;
			sourceTree = "<group>";
		};
/* End PBXVariantGroup section */

/* Begin XCBuildConfiguration section */
		8881CE8E18CC4F260049FE1A /* Debug */ = {
			isa = XCBuildConfiguration;
			buildSettings = {
				ALWAYS_SEARCH_USER_PATHS = NO;
				ARCHS = "$(ARCHS_STANDARD_INCLUDING_64_BIT)";
				CLANG_CXX_LANGUAGE_STANDARD = "gnu++0x";
				CLANG_CXX_LIBRARY = "libc++";
				CLANG_ENABLE_MODULES = YES;
				CLANG_ENABLE_OBJC_ARC = YES;
				CLANG_WARN_BOOL_CONVERSION = YES;
				CLANG_WARN_CONSTANT_CONVERSION = YES;
				CLANG_WARN_DIRECT_OBJC_ISA_USAGE = YES_ERROR;
				CLANG_WARN_EMPTY_BODY = YES;
				CLANG_WARN_ENUM_CONVERSION = YES;
				CLANG_WARN_INT_CONVERSION = YES;
				CLANG_WARN_OBJC_ROOT_CLASS = YES_ERROR;
				CLANG_WARN__DUPLICATE_METHOD_MATCH = YES;
				"CODE_SIGN_IDENTITY[sdk=iphoneos*]" = "iPhone Developer";
				COPY_PHASE_STRIP = NO;
				GCC_C_LANGUAGE_STANDARD = gnu99;
				GCC_DYNAMIC_NO_PIC = NO;
				GCC_OPTIMIZATION_LEVEL = 0;
				GCC_PREPROCESSOR_DEFINITIONS = (
					"DEBUG=1",
					"$(inherited)",
				);
				GCC_SYMBOLS_PRIVATE_EXTERN = NO;
				GCC_WARN_64_TO_32_BIT_CONVERSION = YES;
				GCC_WARN_ABOUT_RETURN_TYPE = YES_ERROR;
				GCC_WARN_UNDECLARED_SELECTOR = YES;
				GCC_WARN_UNINITIALIZED_AUTOS = YES;
				GCC_WARN_UNUSED_FUNCTION = YES;
				GCC_WARN_UNUSED_VARIABLE = YES;
				IPHONEOS_DEPLOYMENT_TARGET = 7.0;
				ONLY_ACTIVE_ARCH = YES;
				SDKROOT = iphoneos;
			};
			name = Debug;
		};
		8881CE8F18CC4F260049FE1A /* Release */ = {
			isa = XCBuildConfiguration;
			buildSettings = {
				ALWAYS_SEARCH_USER_PATHS = NO;
				ARCHS = "$(ARCHS_STANDARD_INCLUDING_64_BIT)";
				CLANG_CXX_LANGUAGE_STANDARD = "gnu++0x";
				CLANG_CXX_LIBRARY = "libc++";
				CLANG_ENABLE_MODULES = YES;
				CLANG_ENABLE_OBJC_ARC = YES;
				CLANG_WARN_BOOL_CONVERSION = YES;
				CLANG_WARN_CONSTANT_CONVERSION = YES;
				CLANG_WARN_DIRECT_OBJC_ISA_USAGE = YES_ERROR;
				CLANG_WARN_EMPTY_BODY = YES;
				CLANG_WARN_ENUM_CONVERSION = YES;
				CLANG_WARN_INT_CONVERSION = YES;
				CLANG_WARN_OBJC_ROOT_CLASS = YES_ERROR;
				CLANG_WARN__DUPLICATE_METHOD_MATCH = YES;
				"CODE_SIGN_IDENTITY[sdk=iphoneos*]" = "iPhone Developer";
				COPY_PHASE_STRIP = YES;
				ENABLE_NS_ASSERTIONS = NO;
				GCC_C_LANGUAGE_STANDARD = gnu99;
				GCC_WARN_64_TO_32_BIT_CONVERSION = YES;
				GCC_WARN_ABOUT_RETURN_TYPE = YES_ERROR;
				GCC_WARN_UNDECLARED_SELECTOR = YES;
				GCC_WARN_UNINITIALIZED_AUTOS = YES;
				GCC_WARN_UNUSED_FUNCTION = YES;
				GCC_WARN_UNUSED_VARIABLE = YES;
				IPHONEOS_DEPLOYMENT_TARGET = 7.0;
				SDKROOT = iphoneos;
				VALIDATE_PRODUCT = YES;
			};
			name = Release;
		};
		8881CE9118CC4F260049FE1A /* Debug */ = {
			isa = XCBuildConfiguration;
			buildSettings = {
				ASSETCATALOG_COMPILER_APPICON_NAME = AppIcon;
				ASSETCATALOG_COMPILER_LAUNCHIMAGE_NAME = LaunchImage;
				GCC_PRECOMPILE_PREFIX_HEADER = YES;
				GCC_PREFIX_HEADER = "question/question-Prefix.pch";
				INFOPLIST_FILE = "question/question-Info.plist";
				PRODUCT_NAME = "$(TARGET_NAME)";
				WRAPPER_EXTENSION = app;
			};
			name = Debug;
		};
		8881CE9218CC4F260049FE1A /* Release */ = {
			isa = XCBuildConfiguration;
			buildSettings = {
				ASSETCATALOG_COMPILER_APPICON_NAME = AppIcon;
				ASSETCATALOG_COMPILER_LAUNCHIMAGE_NAME = LaunchImage;
				GCC_PRECOMPILE_PREFIX_HEADER = YES;
				GCC_PREFIX_HEADER = "question/question-Prefix.pch";
				INFOPLIST_FILE = "question/question-Info.plist";
				PRODUCT_NAME = "$(TARGET_NAME)";
				WRAPPER_EXTENSION = app;
			};
			name = Release;
		};
		8881CE9418CC4F260049FE1A /* Debug */ = {
			isa = XCBuildConfiguration;
			buildSettings = {
				ARCHS = "$(ARCHS_STANDARD_INCLUDING_64_BIT)";
				BUNDLE_LOADER = "$(BUILT_PRODUCTS_DIR)/question.app/question";
				FRAMEWORK_SEARCH_PATHS = (
					"$(SDKROOT)/Developer/Library/Frameworks",
					"$(inherited)",
					"$(DEVELOPER_FRAMEWORKS_DIR)",
				);
				GCC_PRECOMPILE_PREFIX_HEADER = YES;
				GCC_PREFIX_HEADER = "question/question-Prefix.pch";
				GCC_PREPROCESSOR_DEFINITIONS = (
					"DEBUG=1",
					"$(inherited)",
				);
				INFOPLIST_FILE = "questionTests/questionTests-Info.plist";
				PRODUCT_NAME = "$(TARGET_NAME)";
				TEST_HOST = "$(BUNDLE_LOADER)";
				WRAPPER_EXTENSION = xctest;
			};
			name = Debug;
		};
		8881CE9518CC4F260049FE1A /* Release */ = {
			isa = XCBuildConfiguration;
			buildSettings = {
				ARCHS = "$(ARCHS_STANDARD_INCLUDING_64_BIT)";
				BUNDLE_LOADER = "$(BUILT_PRODUCTS_DIR)/question.app/question";
				FRAMEWORK_SEARCH_PATHS = (
					"$(SDKROOT)/Developer/Library/Frameworks",
					"$(inherited)",
					"$(DEVELOPER_FRAMEWORKS_DIR)",
				);
				GCC_PRECOMPILE_PREFIX_HEADER = YES;
				GCC_PREFIX_HEADER = "question/question-Prefix.pch";
				INFOPLIST_FILE = "questionTests/questionTests-Info.plist";
				PRODUCT_NAME = "$(TARGET_NAME)";
				TEST_HOST = "$(BUNDLE_LOADER)";
				WRAPPER_EXTENSION = xctest;
			};
			name = Release;
		};
/* End XCBuildConfiguration section */

/* Begin XCConfigurationList section */
		8881CE5918CC4F260049FE1A /* Build configuration list for PBXProject "question" */ = {
			isa = XCConfigurationList;
			buildConfigurations = (
				8881CE8E18CC4F260049FE1A /* Debug */,
				8881CE8F18CC4F260049FE1A /* Release */,
			);
			defaultConfigurationIsVisible = 0;
			defaultConfigurationName = Release;
		};
		8881CE9018CC4F260049FE1A /* Build configuration list for PBXNativeTarget "question" */ = {
			isa = XCConfigurationList;
			buildConfigurations = (
				8881CE9118CC4F260049FE1A /* Debug */,
				8881CE9218CC4F260049FE1A /* Release */,
			);
			defaultConfigurationIsVisible = 0;
		};
		8881CE9318CC4F260049FE1A /* Build configuration list for PBXNativeTarget "questionTests" */ = {
			isa = XCConfigurationList;
			buildConfigurations = (
				8881CE9418CC4F260049FE1A /* Debug */,
				8881CE9518CC4F260049FE1A /* Release */,
			);
			defaultConfigurationIsVisible = 0;
		};
/* End XCConfigurationList section */
	};
	rootObject = 8881CE5618CC4F260049FE1A /* Project object */;
}
